<?xml version="1.0" encoding="utf-8"?>
<Project xmlns="http://schemas.microsoft.com/developer/msbuild/2003" ToolsVersion="4.0">
  <ItemGroup>
    <Filter Include="Header Files">
      <UniqueIdentifier>{4D1BFFCC-9CEB-4ABF-A951-582870FE71FD}</UniqueIdentifier>
      <Extensions>h;hpp;hxx;hm;inl;inc;xsd</Extensions>
    </Filter>
    <Filter Include="Header Files\TouchGFX">
      <UniqueIdentifier>{29C60541-803D-4F43-8683-028D9DA5E0CB}</UniqueIdentifier>
    </Filter>
    <Filter Include="Header Files\TouchGFX\common">
      <UniqueIdentifier>{AF2BF67C-89EC-4545-B0D2-5BD6803628D4}</UniqueIdentifier>
    </Filter>
    <Filter Include="Header Files\TouchGFX\mvp">
      <UniqueIdentifier>{A8F51E02-A400-49F1-AC86-371872A7E5E6}</UniqueIdentifier>
    </Filter>
    <Filter Include="Header Files\TouchGFX\platform">
      <UniqueIdentifier>{493CF637-721C-4516-8638-3EE4790FB455}</UniqueIdentifier>
    </Filter>
    <Filter Include="Header Files\TouchGFX\touchgfx">
      <UniqueIdentifier>{7187028B-6482-4EB3-8556-EECD38E0636B}</UniqueIdentifier>
    </Filter>
    <Filter Include="Header Files\TouchGFX\platform\driver">
      <UniqueIdentifier>{D2E6B448-6B79-434F-A8EB-C8F8415957E9}</UniqueIdentifier>
    </Filter>
    <Filter Include="Header Files\TouchGFX\platform\hal">
      <UniqueIdentifier>{07737357-9365-4A8F-B2F6-908B5FC4E808}</UniqueIdentifier>
    </Filter>
    <Filter Include="Header Files\TouchGFX\touchgfx\canvas_widget_renderer">
      <UniqueIdentifier>{085B248B-6BE1-4BF8-9913-35526BAEE4C7}</UniqueIdentifier>
    </Filter>
    <Filter Include="Header Files\TouchGFX\touchgfx\containers">
      <UniqueIdentifier>{E08C6B18-2F0E-4861-87D5-80FB0411017E}</UniqueIdentifier>
    </Filter>
    <Filter Include="Header Files\TouchGFX\touchgfx\events">
      <UniqueIdentifier>{29D72404-E5CB-472C-B00F-3784DF3CCD1E}</UniqueIdentifier>
    </Filter>
    <Filter Include="Header Files\TouchGFX\touchgfx\hal">
      <UniqueIdentifier>{09561B72-532B-45EB-8E32-CAA31C349F83}</UniqueIdentifier>
    </Filter>
    <Filter Include="Header Files\TouchGFX\touchgfx\lcd">
      <UniqueIdentifier>{A89B6308-CBC1-48EC-BF14-B3C6106FACCE}</UniqueIdentifier>
    </Filter>
    <Filter Include="Header Files\TouchGFX\touchgfx\mixins">
      <UniqueIdentifier>{DB82A963-BE52-4494-BD5E-358C5E79C081}</UniqueIdentifier>
    </Filter>
    <Filter Include="Header Files\TouchGFX\touchgfx\transforms">
      <UniqueIdentifier>{509E01BB-FBF4-4198-B748-936C1B67839A}</UniqueIdentifier>
    </Filter>
    <Filter Include="Header Files\TouchGFX\touchgfx\transitions">
      <UniqueIdentifier>{3F023E56-225A-4D4C-9D20-74447A23BAD9}</UniqueIdentifier>
    </Filter>
    <Filter Include="Header Files\TouchGFX\touchgfx\widgets">
      <UniqueIdentifier>{0E9A8FD3-B71B-46B9-B1F6-3A18292FFAC4}</UniqueIdentifier>
    </Filter>
    <Filter Include="Header Files\TouchGFX\platform\driver\lcd">
      <UniqueIdentifier>{9B32A742-EBA9-4EBA-832E-0421D7E68BC5}</UniqueIdentifier>
    </Filter>
    <Filter Include="Header Files\TouchGFX\platform\driver\touch">
      <UniqueIdentifier>{8C31441B-2191-4B32-869D-7B253AECB28F}</UniqueIdentifier>
    </Filter>
    <Filter Include="Header Files\TouchGFX\platform\hal\simulator">
      <UniqueIdentifier>{464CC9FB-AFF6-4FFA-B4D8-BCAC4B2B8898}</UniqueIdentifier>
    </Filter>
    <Filter Include="Header Files\TouchGFX\touchgfx\containers\clock">
      <UniqueIdentifier>{B7237C13-DD69-4F78-8446-9A554431E3F8}</UniqueIdentifier>
    </Filter>
    <Filter Include="Header Files\TouchGFX\touchgfx\containers\progress_indicators">
      <UniqueIdentifier>{5E0E884F-0059-4306-94BA-3197219750E3}</UniqueIdentifier>
    </Filter>
    <Filter Include="Header Files\TouchGFX\touchgfx\widgets\canvas">
      <UniqueIdentifier>{DBFF640A-BD63-40BC-A0A5-2468BC461037}</UniqueIdentifier>
    </Filter>
    <Filter Include="Header Files\TouchGFX\platform\hal\simulator\sdl2">
      <UniqueIdentifier>{EA3962C0-553C-4CFD-A89B-A116A9493818}</UniqueIdentifier>
    </Filter>
    <Filter Include="Header Files\generated">
      <UniqueIdentifier>{29C60541-803D-4F44-8783-028D9DA5E0CC}</UniqueIdentifier>
    </Filter>
    <Filter Include="Header Files\generated\simulator">
      <UniqueIdentifier>{29C60541-803D-4F43-8683-028D9DA5E0CC}</UniqueIdentifier>
    </Filter>
    <Filter Include="Resource Files">
      <UniqueIdentifier>{92BBFF14-FBDB-4755-BA47-A830D863D92B}</UniqueIdentifier>
      <Extensions>rc;ico;cur;bmp;dlg;rc2;rct;bin;rgs;gif;jpg;jpeg;jpe;resx;tiff;tif;ttf;otf;bdf;png;wav;xml;props;mfcribbon-ms</Extensions>
    </Filter>
    <Filter Include="Resource Files\assets">
      <UniqueIdentifier>{AF899B0F-78BE-47F9-A912-E92CB9156E40}</UniqueIdentifier>
    </Filter>
    <Filter Include="Resource Files\config">
      <UniqueIdentifier>{29E8A9F8-6504-4625-AB47-671A3F665E51}</UniqueIdentifier>
    </Filter>
    <Filter Include="Resource Files\assets\texts">
      <UniqueIdentifier>{382278FD-2B19-4E89-AE4F-24AF77E7A270}</UniqueIdentifier>
    </Filter>
    <Filter Include="Resource Files\config\msvs">
      <UniqueIdentifier>{C24EAEDB-9A3F-43DC-87FB-C7AC2729A078}</UniqueIdentifier>
    </Filter>
    <Filter Include="Source Files">
      <UniqueIdentifier>{2F3FC0AA-97C4-4366-9939-94A0FF4E028C}</UniqueIdentifier>
      <Extensions>cpp;c;cc;cxx;def;odl;idl;hpj;bat;asm;asmx</Extensions>
    </Filter>
    <Filter Include="Source Files\TouchGFX">
      <UniqueIdentifier>{C07B02A9-A55E-47AA-AD61-59A6AAD754E6}</UniqueIdentifier>
    </Filter>
    <Filter Include="Source Files\TouchGFX\platform">
      <UniqueIdentifier>{33EDC2DB-AF72-480C-92E5-2A2833BCAB6F}</UniqueIdentifier>
    </Filter>
    <Filter Include="Source Files\TouchGFX\platform\driver">
      <UniqueIdentifier>{1D8EFD90-430A-4539-9080-16A38861D20A}</UniqueIdentifier>
    </Filter>
    <Filter Include="Source Files\TouchGFX\platform\hal">
      <UniqueIdentifier>{E8DECBF2-0C8E-4397-8603-3101D6F922D6}</UniqueIdentifier>
    </Filter>
    <Filter Include="Source Files\TouchGFX\platform\driver\touch">
      <UniqueIdentifier>{40F0D55D-79D9-488A-AF83-ADC96179EADF}</UniqueIdentifier>
    </Filter>
    <Filter Include="Source Files\TouchGFX\platform\hal\simulator">
      <UniqueIdentifier>{3FB50DD5-31DA-4042-B7FD-2151C58CDA80}</UniqueIdentifier>
    </Filter>
    <Filter Include="Source Files\TouchGFX\platform\hal\simulator\sdl2">
      <UniqueIdentifier>{B48CB42B-0F9E-4815-BFE1-1ACC1150ED8A}</UniqueIdentifier>
    </Filter>
    <Filter Include="Source Files\simulator">
      <UniqueIdentifier>{C07B03A9-A55E-47AA-AD61-59A6AAD754E6}</UniqueIdentifier>
    </Filter>
    <Filter Include="Source Files\generated">
      <UniqueIdentifier>{C07B02B9-A55E-47AB-AD61-59A6AAD754E6}</UniqueIdentifier>
    </Filter>
    <Filter Include="Source Files\generated\simulator">
      <UniqueIdentifier>{C07B02B9-A55E-47AA-AD61-59A6AAD754E6}</UniqueIdentifier>
    </Filter>
    <Filter Include="Header Files\gui">
      <UniqueIdentifier>C5F22E60-3F25-0A68-1A5B-C9F730EA17F2</UniqueIdentifier>
    </Filter>
    <Filter Include="Source Files\gui">
      <UniqueIdentifier>8D45A6A0-B5AF-160B-B0A3-E6B518944FA5</UniqueIdentifier>
    </Filter>
    <Filter Include="Header Files\gui\model">
      <UniqueIdentifier>64CCF477-5704-D211-718E-1BCFA433E3F1</UniqueIdentifier>
    </Filter>
    <Filter Include="Source Files\gui\model">
      <UniqueIdentifier>13F8C5AB-5556-7860-F0C7-6BE48B480C2E</UniqueIdentifier>
    </Filter>
    <Filter Include="Header Files\generated\gui_generated">
      <UniqueIdentifier>598E9923-F696-5D5A-3E8D-328FDCBCC96D</UniqueIdentifier>
    </Filter>
    <Filter Include="Header Files\gui\common">
      <UniqueIdentifier>23FD9AA5-59FE-B2FE-E519-5252969472F1</UniqueIdentifier>
    </Filter>
    <Filter Include="Source Files\generated\gui_generated">
      <UniqueIdentifier>F8273D58-D458-64EC-4AA7-D4E287069072</UniqueIdentifier>
    </Filter>
    <Filter Include="Source Files\gui\common">
      <UniqueIdentifier>14304D16-625D-01E8-A339-5BB6DC7F9D85</UniqueIdentifier>
    </Filter>
    <Filter Include="Header Files\generated\simulator\include">
      <UniqueIdentifier>A359DDFF-3304-ED1F-5647-5EB5B9810BBA</UniqueIdentifier>
    </Filter>
    <Filter Include="Header Files\generated\gui_generated\common">
      <UniqueIdentifier>18109BF6-25A2-C799-FC62-CBEA10D549D9</UniqueIdentifier>
    </Filter>
    <Filter Include="Source Files\generated\gui_generated\common">
      <UniqueIdentifier>A7828F0E-4627-D053-0CDC-7BFC08DE1E21</UniqueIdentifier>
    </Filter>
    <Filter Include="Source Files\generated\simulator\video">
      <UniqueIdentifier>5BB21892-E11D-B65F-788B-A504C7AF5EF4</UniqueIdentifier>
    </Filter>
    <Filter Include="Header Files\generated\simulator\include\simulator">
      <UniqueIdentifier>B11FB2AA-335A-B4E8-8C03-C6FEBAE030B5</UniqueIdentifier>
    </Filter>
    <Filter Include="Header Files\generated\simulator\include\simulator\video">
      <UniqueIdentifier>5C73B9A7-7607-74A3-12C7-002E10F3DCAB</UniqueIdentifier>
    </Filter>
    <Filter Include="Source Files\gui\screen_menu_screen">
      <UniqueIdentifier>7B8FADA3-3022-B84F-960B-B1B0ABC92042</UniqueIdentifier>
    </Filter>
    <Filter Include="Header Files\gui\screen_menu_screen">
      <UniqueIdentifier>88857CD5-6FBD-B4A2-223D-93FE10466B46</UniqueIdentifier>
    </Filter>
    <Filter Include="Source Files\generated\gui_generated\screen_menu_screen">
      <UniqueIdentifier>14AAB7A4-23A0-FB2A-BA8A-B52699C650D9</UniqueIdentifier>
    </Filter>
    <Filter Include="Header Files\generated\gui_generated\screen_menu_screen">
      <UniqueIdentifier>AD6C951E-7131-7E24-BD30-EB2994C509A3</UniqueIdentifier>
    </Filter>
    <Filter Include="Source Files\gui\screen_kneex_screen">
      <UniqueIdentifier>E4864083-C990-5741-AEBD-E9F74B6FABC9</UniqueIdentifier>
    </Filter>
    <Filter Include="Header Files\gui\screen_kneex_screen">
      <UniqueIdentifier>59568AA8-635D-05C9-5F0B-3C90EA57B23A</UniqueIdentifier>
    </Filter>
    <Filter Include="Header Files\gui\screen_kneexliveplot_screen">
      <UniqueIdentifier>48A21FA9-B0A4-87FA-998C-3E5C18D1AC7B</UniqueIdentifier>
    </Filter>
    <Filter Include="Source Files\gui\screen_kneexliveplot_screen">
      <UniqueIdentifier>81CD5261-B671-2FD3-AA0E-779B540A3FB7</UniqueIdentifier>
    </Filter>
    <Filter Include="Header Files\gui\screen_kneexmanualcontrol_screen">
      <UniqueIdentifier>64888C69-FE64-60C2-5708-16C68F2EA72B</UniqueIdentifier>
    </Filter>
    <Filter Include="Source Files\gui\screen_kneexmanualcontrol_screen">
      <UniqueIdentifier>E322F2B4-7BFA-57D0-F7C5-E2D0AC477E2F</UniqueIdentifier>
    </Filter>
    <Filter Include="Source Files\gui\containers">
      <UniqueIdentifier>46898508-57DC-1FE5-6F22-CF2444ABFED1</UniqueIdentifier>
    </Filter>
    <Filter Include="Header Files\gui\containers">
      <UniqueIdentifier>59BF8787-5BA5-E902-CFF6-632230E54816</UniqueIdentifier>
    </Filter>
    <Filter Include="Header Files\generated\gui_generated\containers">
      <UniqueIdentifier>204CD8B0-0E9A-4316-E12F-E58BF08731C7</UniqueIdentifier>
    </Filter>
    <Filter Include="Source Files\generated\gui_generated\containers">
      <UniqueIdentifier>E88CE9DC-22A1-B3B6-77CF-740F03AD0785</UniqueIdentifier>
    </Filter>
    <Filter Include="Header Files\gui\screen_settings_screen">
      <UniqueIdentifier>DD7308EE-7AFD-B022-5483-43ECAEF9B03D</UniqueIdentifier>
    </Filter>
    <Filter Include="Source Files\gui\screen_settings_screen">
      <UniqueIdentifier>F3D1D10A-B3F2-F822-BD36-68F43956CBF4</UniqueIdentifier>
    </Filter>
    <Filter Include="Source Files\generated\gui_generated\screen_settings_screen">
      <UniqueIdentifier>36F42EFB-DD48-AC33-1199-D4680940A2D5</UniqueIdentifier>
    </Filter>
    <Filter Include="Header Files\generated\gui_generated\screen_settings_screen">
      <UniqueIdentifier>BEF86F5E-0EE2-0F7C-C501-277AC49E1801</UniqueIdentifier>
    </Filter>
    <Filter Include="Source Files\gui\screen_research_screen">
      <UniqueIdentifier>B5BD2D98-1D25-39CE-D94A-311FB4DA1817</UniqueIdentifier>
    </Filter>
    <Filter Include="Header Files\gui\screen_research_screen">
      <UniqueIdentifier>738E580E-B6DA-1FFF-9257-8FDBA0D4D693</UniqueIdentifier>
    </Filter>
    <Filter Include="Header Files\generated\gui_generated\screen_research_screen">
      <UniqueIdentifier>F03D542B-FDC6-00B9-A50D-D724B14063D6</UniqueIdentifier>
    </Filter>
    <Filter Include="Source Files\generated\gui_generated\screen_research_screen">
      <UniqueIdentifier>244EFF7A-3695-9C5E-0270-52C8B3602EAD</UniqueIdentifier>
    </Filter>
    <Filter Include="Source Files\gui\screen_wewalkliveplot_screen">
      <UniqueIdentifier>59A5AA7E-B3F9-1B16-6824-9AC8D6298DF1</UniqueIdentifier>
    </Filter>
    <Filter Include="Header Files\gui\screen_wewalkliveplot_screen">
      <UniqueIdentifier>DE1D816F-B024-D256-1E06-14994A9E74D9</UniqueIdentifier>
    </Filter>
    <Filter Include="Source Files\gui\screen_wewalkmanualcontrol_screen">
      <UniqueIdentifier>026968DD-42B9-00E7-1F32-A476D5B897CC</UniqueIdentifier>
    </Filter>
    <Filter Include="Header Files\gui\screen_wewalkmanualcontrol_screen">
      <UniqueIdentifier>B3B4ED8C-5C6F-2E0C-36C4-D7DDB4894EFA</UniqueIdentifier>
    </Filter>
    <Filter Include="Header Files\gui\screen_wewalk_screen">
      <UniqueIdentifier>7BD41A1E-DD93-6D2A-B47F-0A73AC57102B</UniqueIdentifier>
    </Filter>
    <Filter Include="Source Files\gui\screen_wewalk_screen">
      <UniqueIdentifier>9499B565-9889-7F53-96B8-64ABB6F1FC36</UniqueIdentifier>
    </Filter>
    <Filter Include="Header Files\generated\gui_generated\screen_wewalkmanualcontrol_screen">
      <UniqueIdentifier>8CB7FCC8-5FE3-314D-ADB7-03D46BA3B883</UniqueIdentifier>
    </Filter>
    <Filter Include="Source Files\generated\gui_generated\screen_wewalkmanualcontrol_screen">
      <UniqueIdentifier>B54B2151-46B1-7873-38D7-BDF452C52BB8</UniqueIdentifier>
    </Filter>
    <Filter Include="Source Files\generated\gui_generated\screen_wewalk_screen">
      <UniqueIdentifier>E370FD92-BE57-C133-520C-0580DB3ECA72</UniqueIdentifier>
    </Filter>
    <Filter Include="Header Files\generated\gui_generated\screen_wewalkliveplot_screen">
      <UniqueIdentifier>AE4205AF-F8B5-3024-ADCD-5B2DD2A8DB03</UniqueIdentifier>
    </Filter>
    <Filter Include="Source Files\generated\gui_generated\screen_wewalkliveplot_screen">
      <UniqueIdentifier>8A06BB23-C6E5-77BB-7CFC-AFA0B9F57EA7</UniqueIdentifier>
    </Filter>
    <Filter Include="Header Files\generated\gui_generated\screen_wewalk_screen">
      <UniqueIdentifier>C3E154CF-A0CB-0414-786C-5C0A3751E7EF</UniqueIdentifier>
    </Filter>
    <Filter Include="Source Files\gui\screen_wewalkliveplot_angle_screen">
      <UniqueIdentifier>34FCD49B-401A-E0DE-54F6-EB226879A5C5</UniqueIdentifier>
    </Filter>
    <Filter Include="Header Files\gui\screen_wewalkliveplot_angle_screen">
      <UniqueIdentifier>2D37A566-118F-311F-9425-AC24F68C957A</UniqueIdentifier>
    </Filter>
    <Filter Include="Source Files\gui\screen_wewalkliveplot_gyroscope_screen">
      <UniqueIdentifier>4229895E-FEA1-B9AD-1A73-59CDB35A63FD</UniqueIdentifier>
    </Filter>
    <Filter Include="Header Files\gui\screen_wewalkliveplot_accelerometer_screen">
      <UniqueIdentifier>B4622739-BAA2-DA25-083E-C24ACC356F1E</UniqueIdentifier>
    </Filter>
    <Filter Include="Source Files\gui\screen_wewalkliveplot_accelerometer_screen">
      <UniqueIdentifier>10E8CDC5-17A3-0A39-0E0E-728900208E76</UniqueIdentifier>
    </Filter>
    <Filter Include="Header Files\gui\screen_wewalkliveplot_gyroscope_screen">
      <UniqueIdentifier>FF94F7A7-A355-CEF2-8881-208275724071</UniqueIdentifier>
    </Filter>
    <Filter Include="Source Files\gui\screen_wewalkliveplot_motor_screen">
      <UniqueIdentifier>30A82ED9-5599-037B-B20D-1DB647DEB855</UniqueIdentifier>
    </Filter>
    <Filter Include="Header Files\gui\screen_wewalkliveplot_motor_screen">
      <UniqueIdentifier>C2380E6A-DF64-A890-B26B-25D7730C3182</UniqueIdentifier>
    </Filter>
    <Filter Include="Source Files\generated\gui_generated\screen_wewalkliveplot_angle_screen">
      <UniqueIdentifier>92369E4A-E337-1DC7-C920-2EA56CE0D526</UniqueIdentifier>
    </Filter>
    <Filter Include="Header Files\generated\gui_generated\screen_wewalkliveplot_motor_screen">
      <UniqueIdentifier>E6B387B3-84EB-CF73-5C58-02D4AF1F009C</UniqueIdentifier>
    </Filter>
    <Filter Include="Source Files\generated\gui_generated\screen_wewalkliveplot_motor_screen">
      <UniqueIdentifier>A264ADA3-5A43-1911-5C8D-38CBD7C7F7CA</UniqueIdentifier>
    </Filter>
    <Filter Include="Header Files\generated\gui_generated\screen_wewalkliveplot_gyroscope_screen">
      <UniqueIdentifier>3E93F3EC-70A6-C429-A3AE-E2EAF7F91ABE</UniqueIdentifier>
    </Filter>
    <Filter Include="Source Files\generated\gui_generated\screen_wewalkliveplot_gyroscope_screen">
      <UniqueIdentifier>F924C196-F9F4-8F0A-2258-0DFEC2EC942D</UniqueIdentifier>
    </Filter>
    <Filter Include="Header Files\generated\gui_generated\screen_wewalkliveplot_accelerometer_screen">
      <UniqueIdentifier>6E94C34E-4E14-017F-B4C3-40710329467A</UniqueIdentifier>
    </Filter>
    <Filter Include="Header Files\generated\gui_generated\screen_wewalkliveplot_angle_screen">
      <UniqueIdentifier>28ED4272-D318-395E-0F47-99DC68ABC471</UniqueIdentifier>
    </Filter>
    <Filter Include="Source Files\generated\gui_generated\screen_wewalkliveplot_accelerometer_screen">
      <UniqueIdentifier>D19030E2-A7D5-229A-CEDA-9B0BA6392F7D</UniqueIdentifier>
    </Filter>
    <Filter Include="Source Files\gui\screen_wewalkliveplot_forcesensor_screen">
      <UniqueIdentifier>B30B013D-2D42-2052-C778-659DC162BE97</UniqueIdentifier>
    </Filter>
    <Filter Include="Header Files\gui\screen_wewalkliveplot_forcesensor_screen">
      <UniqueIdentifier>EC2FB162-3F84-49A6-E02E-613F507A10CC</UniqueIdentifier>
    </Filter>
    <Filter Include="Header Files\generated\gui_generated\screen_wewalkliveplot_forcesensor_screen">
      <UniqueIdentifier>532B17A7-5821-FAE4-B22F-7E930C1C9F84</UniqueIdentifier>
    </Filter>
    <Filter Include="Source Files\generated\gui_generated\screen_wewalkliveplot_forcesensor_screen">
      <UniqueIdentifier>D14C03BC-7653-5E33-F8B0-56571BC357B2</UniqueIdentifier>
    </Filter>
  </ItemGroup>
  <ItemGroup>
    <ClCompile Include="$(TouchGFXReleasePath)\framework\source\platform\driver\touch\SDL2TouchController.cpp">
      <Filter>Source Files\TouchGFX\platform\driver\touch</Filter>
    </ClCompile>
    <ClCompile Include="$(TouchGFXReleasePath)\framework\source\platform\hal\simulator\sdl2\HALSDL2.cpp">
      <Filter>Source Files\TouchGFX\platform\hal\simulator\sdl2</Filter>
    </ClCompile>
    <ClCompile Include="$(TouchGFXReleasePath)\framework\source\platform\hal\simulator\sdl2\HALSDL2_icon.cpp">
      <Filter>Source Files\TouchGFX\platform\hal\simulator\sdl2</Filter>
    </ClCompile>
    <ClCompile Include="$(TouchGFXReleasePath)\framework\source\platform\hal\simulator\sdl2\OSWrappers.cpp">
      <Filter>Source Files\TouchGFX\platform\hal\simulator\sdl2</Filter>
    </ClCompile>
    <ClCompile Include="$(ApplicationRoot)\simulator\main.cpp">
      <Filter>Source Files\simulator</Filter>
    </ClCompile>
    <ClCompile Include="$(ApplicationRoot)\generated\simulator\src\mainBase.cpp">
      <Filter>Source Files\generated\simulator</Filter>
    </ClCompile>
    <ClCompile Include="..\..\gui\src\common\FrontendApplication.cpp">
      <Filter>Source Files\gui\common</Filter>
    </ClCompile>
    <ClCompile Include="..\..\generated\gui_generated\src\common\FrontendApplicationBase.cpp">
      <Filter>Source Files\generated\gui_generated\common</Filter>
    </ClCompile>
    <ClCompile Include="..\..\gui\src\model\Model.cpp">
      <Filter>Source Files\gui\model</Filter>
    </ClCompile>
    <ClCompile Include="..\..\generated\simulator\src\video\SoftwareMJPEGDecoder.cpp">
      <Filter>Source Files\generated\simulator\video</Filter>
    </ClCompile>
    <ClCompile Include="..\..\gui\src\screen_menu_screen\SCREEN_MenuPresenter.cpp">
      <Filter>Source Files\gui\screen_menu_screen</Filter>
    </ClCompile>
    <ClCompile Include="..\..\gui\src\screen_menu_screen\SCREEN_MenuView.cpp">
      <Filter>Source Files\gui\screen_menu_screen</Filter>
    </ClCompile>
    <ClCompile Include="..\..\generated\gui_generated\src\screen_menu_screen\SCREEN_MenuViewBase.cpp">
      <Filter>Source Files\generated\gui_generated\screen_menu_screen</Filter>
    </ClCompile>
    <ClCompile Include="..\..\gui\src\screen_kneexliveplot_screen\SCREEN_KneeXLivePlotView.cpp">
      <Filter>Source Files\gui\screen_kneexliveplot_screen</Filter>
    </ClCompile>
    <ClCompile Include="..\..\gui\src\screen_kneex_screen\SCREEN_KneeXView.cpp">
      <Filter>Source Files\gui\screen_kneex_screen</Filter>
    </ClCompile>
    <ClCompile Include="..\..\gui\src\screen_kneexmanualcontrol_screen\Screen_KneeXManualControlView.cpp">
      <Filter>Source Files\gui\screen_kneexmanualcontrol_screen</Filter>
    </ClCompile>
    <ClCompile Include="..\..\gui\src\containers\joystick_1_container.cpp">
      <Filter>Source Files\gui\containers</Filter>
    </ClCompile>
    <ClCompile Include="..\..\generated\gui_generated\src\containers\joystick_1_containerBase.cpp">
      <Filter>Source Files\generated\gui_generated\containers</Filter>
    </ClCompile>
    <ClCompile Include="..\..\gui\src\screen_settings_screen\Screen_SettingsPresenter.cpp">
      <Filter>Source Files\gui\screen_settings_screen</Filter>
    </ClCompile>
    <ClCompile Include="..\..\gui\src\screen_settings_screen\Screen_SettingsView.cpp">
      <Filter>Source Files\gui\screen_settings_screen</Filter>
    </ClCompile>
    <ClCompile Include="..\..\generated\gui_generated\src\screen_settings_screen\Screen_SettingsViewBase.cpp">
      <Filter>Source Files\generated\gui_generated\screen_settings_screen</Filter>
    </ClCompile>
    <ClCompile Include="..\..\gui\src\common\CustomKeyboard.cpp">
      <Filter>Source Files\gui\common</Filter>
    </ClCompile>
    <ClCompile Include="..\..\gui\src\screen_research_screen\Screen_ResearchPresenter.cpp">
      <Filter>Source Files\gui\screen_research_screen</Filter>
    </ClCompile>
    <ClCompile Include="..\..\gui\src\screen_research_screen\Screen_ResearchView.cpp">
      <Filter>Source Files\gui\screen_research_screen</Filter>
    </ClCompile>
    <ClCompile Include="..\..\generated\gui_generated\src\screen_research_screen\Screen_ResearchViewBase.cpp">
      <Filter>Source Files\generated\gui_generated\screen_research_screen</Filter>
    </ClCompile>
    <ClCompile Include="..\..\gui\src\screen_wewalkliveplot_screen\SCREEN_WeWalkLivePlotPresenter.cpp">
      <Filter>Source Files\gui\screen_wewalkliveplot_screen</Filter>
    </ClCompile>
    <ClCompile Include="..\..\gui\src\screen_wewalkliveplot_screen\SCREEN_WeWalkLivePlotView.cpp">
      <Filter>Source Files\gui\screen_wewalkliveplot_screen</Filter>
    </ClCompile>
    <ClCompile Include="..\..\generated\gui_generated\src\screen_wewalkliveplot_screen\SCREEN_WeWalkLivePlotViewBase.cpp">
      <Filter>Source Files\generated\gui_generated\screen_wewalkliveplot_screen</Filter>
    </ClCompile>
    <ClCompile Include="..\..\gui\src\screen_wewalkmanualcontrol_screen\Screen_WeWalkManualControlPresenter.cpp">
      <Filter>Source Files\gui\screen_wewalkmanualcontrol_screen</Filter>
    </ClCompile>
    <ClCompile Include="..\..\gui\src\screen_wewalkmanualcontrol_screen\Screen_WeWalkManualControlView.cpp">
      <Filter>Source Files\gui\screen_wewalkmanualcontrol_screen</Filter>
    </ClCompile>
    <ClCompile Include="..\..\generated\gui_generated\src\screen_wewalkmanualcontrol_screen\Screen_WeWalkManualControlViewBase.cpp">
      <Filter>Source Files\generated\gui_generated\screen_wewalkmanualcontrol_screen</Filter>
    </ClCompile>
    <ClCompile Include="..\..\gui\src\screen_wewalk_screen\SCREEN_WeWalkPresenter.cpp">
      <Filter>Source Files\gui\screen_wewalk_screen</Filter>
    </ClCompile>
    <ClCompile Include="..\..\gui\src\screen_wewalk_screen\SCREEN_WeWalkView.cpp">
      <Filter>Source Files\gui\screen_wewalk_screen</Filter>
    </ClCompile>
    <ClCompile Include="..\..\generated\gui_generated\src\screen_wewalk_screen\SCREEN_WeWalkViewBase.cpp">
      <Filter>Source Files\generated\gui_generated\screen_wewalk_screen</Filter>
    </ClCompile>
    <ClCompile Include="..\..\gui\src\screen_wewalkliveplot_accelerometer_screen\SCREEN_WeWalkLivePlot_AccelerometerPresenter.cpp">
      <Filter>Source Files\gui\screen_wewalkliveplot_accelerometer_screen</Filter>
    </ClCompile>
    <ClCompile Include="..\..\gui\src\screen_wewalkliveplot_accelerometer_screen\SCREEN_WeWalkLivePlot_AccelerometerView.cpp">
      <Filter>Source Files\gui\screen_wewalkliveplot_accelerometer_screen</Filter>
    </ClCompile>
    <ClCompile Include="..\..\generated\gui_generated\src\screen_wewalkliveplot_accelerometer_screen\SCREEN_WeWalkLivePlot_AccelerometerViewBase.cpp">
      <Filter>Source Files\generated\gui_generated\screen_wewalkliveplot_accelerometer_screen</Filter>
    </ClCompile>
    <ClCompile Include="..\..\gui\src\screen_wewalkliveplot_angle_screen\SCREEN_WeWalkLivePlot_AnglePresenter.cpp">
      <Filter>Source Files\gui\screen_wewalkliveplot_angle_screen</Filter>
    </ClCompile>
    <ClCompile Include="..\..\gui\src\screen_wewalkliveplot_angle_screen\SCREEN_WeWalkLivePlot_AngleView.cpp">
      <Filter>Source Files\gui\screen_wewalkliveplot_angle_screen</Filter>
    </ClCompile>
    <ClCompile Include="..\..\generated\gui_generated\src\screen_wewalkliveplot_angle_screen\SCREEN_WeWalkLivePlot_AngleViewBase.cpp">
      <Filter>Source Files\generated\gui_generated\screen_wewalkliveplot_angle_screen</Filter>
    </ClCompile>
    <ClCompile Include="..\..\gui\src\screen_wewalkliveplot_gyroscope_screen\SCREEN_WeWalkLivePlot_GyroscopePresenter.cpp">
      <Filter>Source Files\gui\screen_wewalkliveplot_gyroscope_screen</Filter>
    </ClCompile>
    <ClCompile Include="..\..\gui\src\screen_wewalkliveplot_gyroscope_screen\SCREEN_WeWalkLivePlot_GyroscopeView.cpp">
      <Filter>Source Files\gui\screen_wewalkliveplot_gyroscope_screen</Filter>
    </ClCompile>
    <ClCompile Include="..\..\generated\gui_generated\src\screen_wewalkliveplot_gyroscope_screen\SCREEN_WeWalkLivePlot_GyroscopeViewBase.cpp">
      <Filter>Source Files\generated\gui_generated\screen_wewalkliveplot_gyroscope_screen</Filter>
    </ClCompile>
    <ClCompile Include="..\..\gui\src\screen_wewalkliveplot_motor_screen\SCREEN_WeWalkLivePlot_MotorPresenter.cpp">
      <Filter>Source Files\gui\screen_wewalkliveplot_motor_screen</Filter>
    </ClCompile>
    <ClCompile Include="..\..\gui\src\screen_wewalkliveplot_motor_screen\SCREEN_WeWalkLivePlot_MotorView.cpp">
      <Filter>Source Files\gui\screen_wewalkliveplot_motor_screen</Filter>
    </ClCompile>
    <ClCompile Include="..\..\generated\gui_generated\src\screen_wewalkliveplot_motor_screen\SCREEN_WeWalkLivePlot_MotorViewBase.cpp">
      <Filter>Source Files\generated\gui_generated\screen_wewalkliveplot_motor_screen</Filter>
    </ClCompile>
    <ClCompile Include="..\..\gui\src\screen_wewalkliveplot_forcesensor_screen\SCREEN_WeWalkLivePlot_ForceSensorPresenter.cpp">
      <Filter>Source Files\gui\screen_wewalkliveplot_forcesensor_screen</Filter>
    </ClCompile>
    <ClCompile Include="..\..\gui\src\screen_wewalkliveplot_forcesensor_screen\SCREEN_WeWalkLivePlot_ForceSensorView.cpp">
      <Filter>Source Files\gui\screen_wewalkliveplot_forcesensor_screen</Filter>
    </ClCompile>
    <ClCompile Include="..\..\generated\gui_generated\src\screen_wewalkliveplot_forcesensor_screen\SCREEN_WeWalkLivePlot_ForceSensorViewBase.cpp">
      <Filter>Source Files\generated\gui_generated\screen_wewalkliveplot_forcesensor_screen</Filter>
    </ClCompile>
  </ItemGroup>
  <ItemGroup>
    <None Include="$(ApplicationRoot)\assets\texts\texts.xml">
      <Filter>Resource Files\assets\texts</Filter>
    </None>
    <None Include="$(ApplicationRoot)\config\msvs\Application.props">
      <Filter>Resource Files\config\msvs</Filter>
    </None>
  </ItemGroup>
  <ItemGroup>
    <ClInclude Include="$(TouchGFXReleasePath)\framework\include\common\AbstractPartition.hpp">
      <Filter>Header Files\TouchGFX\common</Filter>
    </ClInclude>
    <ClInclude Include="$(TouchGFXReleasePath)\framework\include\common\Meta.hpp">
      <Filter>Header Files\TouchGFX\common</Filter>
    </ClInclude>
    <ClInclude Include="$(TouchGFXReleasePath)\framework\include\common\Partition.hpp">
      <Filter>Header Files\TouchGFX\common</Filter>
    </ClInclude>
    <ClInclude Include="$(TouchGFXReleasePath)\framework\include\common\TouchGFXInit.hpp">
      <Filter>Header Files\TouchGFX\common</Filter>
    </ClInclude>
    <ClInclude Include="$(TouchGFXReleasePath)\framework\include\mvp\MVPApplication.hpp">
      <Filter>Header Files\TouchGFX\mvp</Filter>
    </ClInclude>
    <ClInclude Include="$(TouchGFXReleasePath)\framework\include\mvp\MVPHeap.hpp">
      <Filter>Header Files\TouchGFX\mvp</Filter>
    </ClInclude>
    <ClInclude Include="$(TouchGFXReleasePath)\framework\include\mvp\Presenter.hpp">
      <Filter>Header Files\TouchGFX\mvp</Filter>
    </ClInclude>
    <ClInclude Include="$(TouchGFXReleasePath)\framework\include\mvp\View.hpp">
      <Filter>Header Files\TouchGFX\mvp</Filter>
    </ClInclude>
    <ClInclude Include="$(TouchGFXReleasePath)\framework\include\platform\driver\lcd\LCD16bpp.hpp">
      <Filter>Header Files\TouchGFX\platform\driver\lcd</Filter>
    </ClInclude>
    <ClInclude Include="$(TouchGFXReleasePath)\framework\include\platform\driver\lcd\LCD1bpp.hpp">
      <Filter>Header Files\TouchGFX\platform\driver\lcd</Filter>
    </ClInclude>
    <ClInclude Include="$(TouchGFXReleasePath)\framework\include\platform\driver\lcd\LCD24bpp.hpp">
      <Filter>Header Files\TouchGFX\platform\driver\lcd</Filter>
    </ClInclude>
    <ClInclude Include="$(TouchGFXReleasePath)\framework\include\platform\driver\lcd\LCD2bpp.hpp">
      <Filter>Header Files\TouchGFX\platform\driver\lcd</Filter>
    </ClInclude>
    <ClInclude Include="$(TouchGFXReleasePath)\framework\include\platform\driver\lcd\LCD4bpp.hpp">
      <Filter>Header Files\TouchGFX\platform\driver\lcd</Filter>
    </ClInclude>
    <ClInclude Include="$(TouchGFXReleasePath)\framework\include\platform\driver\touch\SDL2TouchController.hpp">
      <Filter>Header Files\TouchGFX\platform\driver\touch</Filter>
    </ClInclude>
    <ClInclude Include="$(TouchGFXReleasePath)\framework\include\platform\hal\simulator\sdl2\HALSDL2.hpp">
      <Filter>Header Files\TouchGFX\platform\hal\simulator\sdl2</Filter>
    </ClInclude>
    <ClInclude Include="$(TouchGFXReleasePath)\framework\include\touchgfx\Application.hpp">
      <Filter>Header Files\TouchGFX\touchgfx</Filter>
    </ClInclude>
    <ClInclude Include="$(TouchGFXReleasePath)\framework\include\touchgfx\Bitmap.hpp">
      <Filter>Header Files\TouchGFX\touchgfx</Filter>
    </ClInclude>
    <ClInclude Include="$(TouchGFXReleasePath)\framework\include\touchgfx\Callback.hpp">
      <Filter>Header Files\TouchGFX\touchgfx</Filter>
    </ClInclude>
    <ClInclude Include="$(TouchGFXReleasePath)\framework\include\touchgfx\canvas_widget_renderer\CanvasWidgetRenderer.hpp">
      <Filter>Header Files\TouchGFX\touchgfx\canvas_widget_renderer</Filter>
    </ClInclude>
    <ClInclude Include="$(TouchGFXReleasePath)\framework\include\touchgfx\canvas_widget_renderer\Cell.hpp">
      <Filter>Header Files\TouchGFX\touchgfx\canvas_widget_renderer</Filter>
    </ClInclude>
    <ClInclude Include="$(TouchGFXReleasePath)\framework\include\touchgfx\canvas_widget_renderer\Outline.hpp">
      <Filter>Header Files\TouchGFX\touchgfx\canvas_widget_renderer</Filter>
    </ClInclude>
    <ClInclude Include="$(TouchGFXReleasePath)\framework\include\touchgfx\canvas_widget_renderer\Rasterizer.hpp">
      <Filter>Header Files\TouchGFX\touchgfx\canvas_widget_renderer</Filter>
    </ClInclude>
    <ClInclude Include="$(TouchGFXReleasePath)\framework\include\touchgfx\canvas_widget_renderer\Renderer.hpp">
      <Filter>Header Files\TouchGFX\touchgfx\canvas_widget_renderer</Filter>
    </ClInclude>
    <ClInclude Include="$(TouchGFXReleasePath)\framework\include\touchgfx\canvas_widget_renderer\RenderingBuffer.hpp">
      <Filter>Header Files\TouchGFX\touchgfx\canvas_widget_renderer</Filter>
    </ClInclude>
    <ClInclude Include="$(TouchGFXReleasePath)\framework\include\touchgfx\canvas_widget_renderer\RGBA8.hpp">
      <Filter>Header Files\TouchGFX\touchgfx\canvas_widget_renderer</Filter>
    </ClInclude>
    <ClInclude Include="$(TouchGFXReleasePath)\framework\include\touchgfx\canvas_widget_renderer\Scanline.hpp">
      <Filter>Header Files\TouchGFX\touchgfx\canvas_widget_renderer</Filter>
    </ClInclude>
    <ClInclude Include="$(TouchGFXReleasePath)\framework\include\touchgfx\Color.hpp">
      <Filter>Header Files\TouchGFX\touchgfx</Filter>
    </ClInclude>
    <ClInclude Include="$(TouchGFXReleasePath)\framework\include\touchgfx\ConstFont.hpp">
      <Filter>Header Files\TouchGFX\touchgfx</Filter>
    </ClInclude>
    <ClInclude Include="$(TouchGFXReleasePath)\framework\include\touchgfx\containers\clock\AbstractClock.hpp">
      <Filter>Header Files\TouchGFX\touchgfx\containers\clock</Filter>
    </ClInclude>
    <ClInclude Include="$(TouchGFXReleasePath)\framework\include\touchgfx\containers\clock\AnalogClock.hpp">
      <Filter>Header Files\TouchGFX\touchgfx\containers\clock</Filter>
    </ClInclude>
    <ClInclude Include="$(TouchGFXReleasePath)\framework\include\touchgfx\containers\clock\DigitalClock.hpp">
      <Filter>Header Files\TouchGFX\touchgfx\containers\clock</Filter>
    </ClInclude>
    <ClInclude Include="$(TouchGFXReleasePath)\framework\include\touchgfx\containers\Container.hpp">
      <Filter>Header Files\TouchGFX\touchgfx\containers</Filter>
    </ClInclude>
    <ClInclude Include="$(TouchGFXReleasePath)\framework\include\touchgfx\containers\ListLayout.hpp">
      <Filter>Header Files\TouchGFX\touchgfx\containers</Filter>
    </ClInclude>
    <ClInclude Include="$(TouchGFXReleasePath)\framework\include\touchgfx\containers\ModalWindow.hpp">
      <Filter>Header Files\TouchGFX\touchgfx\containers</Filter>
    </ClInclude>
    <ClInclude Include="$(TouchGFXReleasePath)\framework\include\touchgfx\containers\progress_indicators\AbstractDirectionProgress.hpp">
      <Filter>Header Files\TouchGFX\touchgfx\containers\progress_indicators</Filter>
    </ClInclude>
    <ClInclude Include="$(TouchGFXReleasePath)\framework\include\touchgfx\containers\progress_indicators\AbstractProgressIndicator.hpp">
      <Filter>Header Files\TouchGFX\touchgfx\containers\progress_indicators</Filter>
    </ClInclude>
    <ClInclude Include="$(TouchGFXReleasePath)\framework\include\touchgfx\containers\progress_indicators\BoxProgress.hpp">
      <Filter>Header Files\TouchGFX\touchgfx\containers\progress_indicators</Filter>
    </ClInclude>
    <ClInclude Include="$(TouchGFXReleasePath)\framework\include\touchgfx\containers\progress_indicators\CircleProgress.hpp">
      <Filter>Header Files\TouchGFX\touchgfx\containers\progress_indicators</Filter>
    </ClInclude>
    <ClInclude Include="$(TouchGFXReleasePath)\framework\include\touchgfx\containers\progress_indicators\ImageProgress.hpp">
      <Filter>Header Files\TouchGFX\touchgfx\containers\progress_indicators</Filter>
    </ClInclude>
    <ClInclude Include="$(TouchGFXReleasePath)\framework\include\touchgfx\containers\progress_indicators\LineProgress.hpp">
      <Filter>Header Files\TouchGFX\touchgfx\containers\progress_indicators</Filter>
    </ClInclude>
    <ClInclude Include="$(TouchGFXReleasePath)\framework\include\touchgfx\containers\progress_indicators\TextProgress.hpp">
      <Filter>Header Files\TouchGFX\touchgfx\containers\progress_indicators</Filter>
    </ClInclude>
    <ClInclude Include="$(TouchGFXReleasePath)\framework\include\touchgfx\containers\ScrollableContainer.hpp">
      <Filter>Header Files\TouchGFX\touchgfx\containers</Filter>
    </ClInclude>
    <ClInclude Include="$(TouchGFXReleasePath)\framework\include\touchgfx\containers\SlideMenu.hpp">
      <Filter>Header Files\TouchGFX\touchgfx\containers</Filter>
    </ClInclude>
    <ClInclude Include="$(TouchGFXReleasePath)\framework\include\touchgfx\containers\Slider.hpp">
      <Filter>Header Files\TouchGFX\touchgfx\containers</Filter>
    </ClInclude>
    <ClInclude Include="$(TouchGFXReleasePath)\framework\include\touchgfx\containers\ZoomAnimationImage.hpp">
      <Filter>Header Files\TouchGFX\touchgfx\containers</Filter>
    </ClInclude>
    <ClInclude Include="$(TouchGFXReleasePath)\framework\include\touchgfx\Drawable.hpp">
      <Filter>Header Files\TouchGFX\touchgfx</Filter>
    </ClInclude>
    <ClInclude Include="$(TouchGFXReleasePath)\framework\include\touchgfx\EasingEquations.hpp">
      <Filter>Header Files\TouchGFX\touchgfx</Filter>
    </ClInclude>
    <ClInclude Include="$(TouchGFXReleasePath)\framework\include\touchgfx\Event.hpp">
      <Filter>Header Files\TouchGFX\touchgfx</Filter>
    </ClInclude>
    <ClInclude Include="$(TouchGFXReleasePath)\framework\include\touchgfx\events\ClickEvent.hpp">
      <Filter>Header Files\TouchGFX\touchgfx\events</Filter>
    </ClInclude>
    <ClInclude Include="$(TouchGFXReleasePath)\framework\include\touchgfx\events\DragEvent.hpp">
      <Filter>Header Files\TouchGFX\touchgfx\events</Filter>
    </ClInclude>
    <ClInclude Include="$(TouchGFXReleasePath)\framework\include\touchgfx\events\GestureEvent.hpp">
      <Filter>Header Files\TouchGFX\touchgfx\events</Filter>
    </ClInclude>
    <ClInclude Include="$(TouchGFXReleasePath)\framework\include\touchgfx\Font.hpp">
      <Filter>Header Files\TouchGFX\touchgfx</Filter>
    </ClInclude>
    <ClInclude Include="$(TouchGFXReleasePath)\framework\include\touchgfx\FontManager.hpp">
      <Filter>Header Files\TouchGFX\touchgfx</Filter>
    </ClInclude>
    <ClInclude Include="$(TouchGFXReleasePath)\framework\include\touchgfx\hal\Atomic.hpp">
      <Filter>Header Files\TouchGFX\touchgfx\hal</Filter>
    </ClInclude>
    <ClInclude Include="$(TouchGFXReleasePath)\framework\include\touchgfx\hal\BlitOp.hpp">
      <Filter>Header Files\TouchGFX\touchgfx\hal</Filter>
    </ClInclude>
    <ClInclude Include="$(TouchGFXReleasePath)\framework\include\touchgfx\hal\BoardConfiguration.hpp">
      <Filter>Header Files\TouchGFX\touchgfx\hal</Filter>
    </ClInclude>
    <ClInclude Include="$(TouchGFXReleasePath)\framework\include\touchgfx\hal\Buttons.hpp">
      <Filter>Header Files\TouchGFX\touchgfx\hal</Filter>
    </ClInclude>
    <ClInclude Include="$(TouchGFXReleasePath)\framework\include\touchgfx\hal\Config.hpp">
      <Filter>Header Files\TouchGFX\touchgfx\hal</Filter>
    </ClInclude>
    <ClInclude Include="$(TouchGFXReleasePath)\framework\include\touchgfx\hal\DMA.hpp">
      <Filter>Header Files\TouchGFX\touchgfx\hal</Filter>
    </ClInclude>
    <ClInclude Include="$(TouchGFXReleasePath)\framework\include\touchgfx\hal\Gestures.hpp">
      <Filter>Header Files\TouchGFX\touchgfx\hal</Filter>
    </ClInclude>
    <ClInclude Include="$(TouchGFXReleasePath)\framework\include\touchgfx\hal\GPIO.hpp">
      <Filter>Header Files\TouchGFX\touchgfx\hal</Filter>
    </ClInclude>
    <ClInclude Include="$(TouchGFXReleasePath)\framework\include\touchgfx\hal\HAL.hpp">
      <Filter>Header Files\TouchGFX\touchgfx\hal</Filter>
    </ClInclude>
    <ClInclude Include="$(TouchGFXReleasePath)\framework\include\touchgfx\hal\LED.hpp">
      <Filter>Header Files\TouchGFX\touchgfx\hal</Filter>
    </ClInclude>
    <ClInclude Include="$(TouchGFXReleasePath)\framework\include\touchgfx\hal\NoDMA.hpp">
      <Filter>Header Files\TouchGFX\touchgfx\hal</Filter>
    </ClInclude>
    <ClInclude Include="$(TouchGFXReleasePath)\framework\include\touchgfx\hal\OSWrappers.hpp">
      <Filter>Header Files\TouchGFX\touchgfx\hal</Filter>
    </ClInclude>
    <ClInclude Include="$(TouchGFXReleasePath)\framework\include\touchgfx\hal\Types.hpp">
      <Filter>Header Files\TouchGFX\touchgfx\hal</Filter>
    </ClInclude>
    <ClInclude Include="$(TouchGFXReleasePath)\framework\include\touchgfx\InternalFlashFont.hpp">
      <Filter>Header Files\TouchGFX\touchgfx</Filter>
    </ClInclude>
    <ClInclude Include="$(TouchGFXReleasePath)\framework\include\touchgfx\JSMOCHelper.hpp">
      <Filter>Header Files\TouchGFX\touchgfx</Filter>
    </ClInclude>
    <ClInclude Include="$(TouchGFXReleasePath)\framework\include\touchgfx\lcd\LCD.hpp">
      <Filter>Header Files\TouchGFX\touchgfx\lcd</Filter>
    </ClInclude>
    <ClInclude Include="$(TouchGFXReleasePath)\framework\include\touchgfx\Math3D.hpp">
      <Filter>Header Files\TouchGFX\touchgfx</Filter>
    </ClInclude>
    <ClInclude Include="$(TouchGFXReleasePath)\framework\include\touchgfx\mixins\ClickListener.hpp">
      <Filter>Header Files\TouchGFX\touchgfx\mixins</Filter>
    </ClInclude>
    <ClInclude Include="$(TouchGFXReleasePath)\framework\include\touchgfx\mixins\Draggable.hpp">
      <Filter>Header Files\TouchGFX\touchgfx\mixins</Filter>
    </ClInclude>
    <ClInclude Include="$(TouchGFXReleasePath)\framework\include\touchgfx\mixins\FadeAnimator.hpp">
      <Filter>Header Files\TouchGFX\touchgfx\mixins</Filter>
    </ClInclude>
    <ClInclude Include="$(TouchGFXReleasePath)\framework\include\touchgfx\mixins\MoveAnimator.hpp">
      <Filter>Header Files\TouchGFX\touchgfx\mixins</Filter>
    </ClInclude>
    <ClInclude Include="$(TouchGFXReleasePath)\framework\include\touchgfx\mixins\PreRenderable.hpp">
      <Filter>Header Files\TouchGFX\touchgfx\mixins</Filter>
    </ClInclude>
    <ClInclude Include="$(TouchGFXReleasePath)\framework\include\touchgfx\mixins\Snapper.hpp">
      <Filter>Header Files\TouchGFX\touchgfx\mixins</Filter>
    </ClInclude>
    <ClInclude Include="$(TouchGFXReleasePath)\framework\include\touchgfx\Screen.hpp">
      <Filter>Header Files\TouchGFX\touchgfx</Filter>
    </ClInclude>
    <ClInclude Include="$(TouchGFXReleasePath)\framework\include\touchgfx\TextProvider.hpp">
      <Filter>Header Files\TouchGFX\touchgfx</Filter>
    </ClInclude>
    <ClInclude Include="$(TouchGFXReleasePath)\framework\include\touchgfx\Texts.hpp">
      <Filter>Header Files\TouchGFX\touchgfx</Filter>
    </ClInclude>
    <ClInclude Include="$(TouchGFXReleasePath)\framework\include\touchgfx\TextureMapTypes.hpp">
      <Filter>Header Files\TouchGFX\touchgfx</Filter>
    </ClInclude>
    <ClInclude Include="$(TouchGFXReleasePath)\framework\include\touchgfx\transforms\DisplayTransformation.hpp">
      <Filter>Header Files\TouchGFX\touchgfx\transforms</Filter>
    </ClInclude>
    <ClInclude Include="$(TouchGFXReleasePath)\framework\include\touchgfx\transforms\TouchCalibration.hpp">
      <Filter>Header Files\TouchGFX\touchgfx\transforms</Filter>
    </ClInclude>
    <ClInclude Include="$(TouchGFXReleasePath)\framework\include\touchgfx\transitions\NoTransition.hpp">
      <Filter>Header Files\TouchGFX\touchgfx\transitions</Filter>
    </ClInclude>
    <ClInclude Include="$(TouchGFXReleasePath)\framework\include\touchgfx\transitions\SlideTransition.hpp">
      <Filter>Header Files\TouchGFX\touchgfx\transitions</Filter>
    </ClInclude>
    <ClInclude Include="$(TouchGFXReleasePath)\framework\include\touchgfx\transitions\Transition.hpp">
      <Filter>Header Files\TouchGFX\touchgfx\transitions</Filter>
    </ClInclude>
    <ClInclude Include="$(TouchGFXReleasePath)\framework\include\touchgfx\TypedText.hpp">
      <Filter>Header Files\TouchGFX\touchgfx</Filter>
    </ClInclude>
    <ClInclude Include="$(TouchGFXReleasePath)\framework\include\touchgfx\UIEventListener.hpp">
      <Filter>Header Files\TouchGFX\touchgfx</Filter>
    </ClInclude>
    <ClInclude Include="$(TouchGFXReleasePath)\framework\include\touchgfx\Unicode.hpp">
      <Filter>Header Files\TouchGFX\touchgfx</Filter>
    </ClInclude>
    <ClInclude Include="$(TouchGFXReleasePath)\framework\include\touchgfx\Utils.hpp">
      <Filter>Header Files\TouchGFX\touchgfx</Filter>
    </ClInclude>
    <ClInclude Include="$(TouchGFXReleasePath)\framework\include\touchgfx\widgets\AbstractButton.hpp">
      <Filter>Header Files\TouchGFX\touchgfx\widgets</Filter>
    </ClInclude>
    <ClInclude Include="$(TouchGFXReleasePath)\framework\include\touchgfx\widgets\AnimatedImage.hpp">
      <Filter>Header Files\TouchGFX\touchgfx\widgets</Filter>
    </ClInclude>
    <ClInclude Include="$(TouchGFXReleasePath)\framework\include\touchgfx\widgets\AnimationTextureMapper.hpp">
      <Filter>Header Files\TouchGFX\touchgfx\widgets</Filter>
    </ClInclude>
    <ClInclude Include="$(TouchGFXReleasePath)\framework\include\touchgfx\widgets\Box.hpp">
      <Filter>Header Files\TouchGFX\touchgfx\widgets</Filter>
    </ClInclude>
    <ClInclude Include="$(TouchGFXReleasePath)\framework\include\touchgfx\widgets\Button.hpp">
      <Filter>Header Files\TouchGFX\touchgfx\widgets</Filter>
    </ClInclude>
    <ClInclude Include="$(TouchGFXReleasePath)\framework\include\touchgfx\widgets\ButtonWithIcon.hpp">
      <Filter>Header Files\TouchGFX\touchgfx\widgets</Filter>
    </ClInclude>
    <ClInclude Include="$(TouchGFXReleasePath)\framework\include\touchgfx\widgets\ButtonWithLabel.hpp">
      <Filter>Header Files\TouchGFX\touchgfx\widgets</Filter>
    </ClInclude>
    <ClInclude Include="$(TouchGFXReleasePath)\framework\include\touchgfx\widgets\canvas\AbstractPainter.hpp">
      <Filter>Header Files\TouchGFX\touchgfx\widgets\canvas</Filter>
    </ClInclude>
    <ClInclude Include="$(TouchGFXReleasePath)\framework\include\touchgfx\widgets\canvas\AbstractPainterBW.hpp">
      <Filter>Header Files\TouchGFX\touchgfx\widgets\canvas</Filter>
    </ClInclude>
    <ClInclude Include="$(TouchGFXReleasePath)\framework\include\touchgfx\widgets\canvas\AbstractPainterGRAY2.hpp">
      <Filter>Header Files\TouchGFX\touchgfx\widgets\canvas</Filter>
    </ClInclude>
    <ClInclude Include="$(TouchGFXReleasePath)\framework\include\touchgfx\widgets\canvas\AbstractPainterGRAY4.hpp">
      <Filter>Header Files\TouchGFX\touchgfx\widgets\canvas</Filter>
    </ClInclude>
    <ClInclude Include="$(TouchGFXReleasePath)\framework\include\touchgfx\widgets\canvas\AbstractPainterRGB565.hpp">
      <Filter>Header Files\TouchGFX\touchgfx\widgets\canvas</Filter>
    </ClInclude>
    <ClInclude Include="$(TouchGFXReleasePath)\framework\include\touchgfx\widgets\canvas\AbstractPainterRGB888.hpp">
      <Filter>Header Files\TouchGFX\touchgfx\widgets\canvas</Filter>
    </ClInclude>
    <ClInclude Include="$(TouchGFXReleasePath)\framework\include\touchgfx\widgets\canvas\AbstractShape.hpp">
      <Filter>Header Files\TouchGFX\touchgfx\widgets\canvas</Filter>
    </ClInclude>
    <ClInclude Include="$(TouchGFXReleasePath)\framework\include\touchgfx\widgets\canvas\Canvas.hpp">
      <Filter>Header Files\TouchGFX\touchgfx\widgets\canvas</Filter>
    </ClInclude>
    <ClInclude Include="$(TouchGFXReleasePath)\framework\include\touchgfx\widgets\canvas\CanvasWidget.hpp">
      <Filter>Header Files\TouchGFX\touchgfx\widgets\canvas</Filter>
    </ClInclude>
    <ClInclude Include="$(TouchGFXReleasePath)\framework\include\touchgfx\widgets\canvas\Circle.hpp">
      <Filter>Header Files\TouchGFX\touchgfx\widgets\canvas</Filter>
    </ClInclude>
    <ClInclude Include="$(TouchGFXReleasePath)\framework\include\touchgfx\widgets\canvas\CWRUtil.hpp">
      <Filter>Header Files\TouchGFX\touchgfx\widgets\canvas</Filter>
    </ClInclude>
    <ClInclude Include="$(TouchGFXReleasePath)\framework\include\touchgfx\widgets\canvas\Line.hpp">
      <Filter>Header Files\TouchGFX\touchgfx\widgets\canvas</Filter>
    </ClInclude>
    <ClInclude Include="$(TouchGFXReleasePath)\framework\include\touchgfx\widgets\canvas\PainterBW.hpp">
      <Filter>Header Files\TouchGFX\touchgfx\widgets\canvas</Filter>
    </ClInclude>
    <ClInclude Include="$(TouchGFXReleasePath)\framework\include\touchgfx\widgets\canvas\PainterGRAY2.hpp">
      <Filter>Header Files\TouchGFX\touchgfx\widgets\canvas</Filter>
    </ClInclude>
    <ClInclude Include="$(TouchGFXReleasePath)\framework\include\touchgfx\widgets\canvas\PainterGRAY2Bitmap.hpp">
      <Filter>Header Files\TouchGFX\touchgfx\widgets\canvas</Filter>
    </ClInclude>
    <ClInclude Include="$(TouchGFXReleasePath)\framework\include\touchgfx\widgets\canvas\PainterGRAY4.hpp">
      <Filter>Header Files\TouchGFX\touchgfx\widgets\canvas</Filter>
    </ClInclude>
    <ClInclude Include="$(TouchGFXReleasePath)\framework\include\touchgfx\widgets\canvas\PainterGRAY4Bitmap.hpp">
      <Filter>Header Files\TouchGFX\touchgfx\widgets\canvas</Filter>
    </ClInclude>
    <ClInclude Include="$(TouchGFXReleasePath)\framework\include\touchgfx\widgets\canvas\PainterRGB565.hpp">
      <Filter>Header Files\TouchGFX\touchgfx\widgets\canvas</Filter>
    </ClInclude>
    <ClInclude Include="$(TouchGFXReleasePath)\framework\include\touchgfx\widgets\canvas\PainterRGB565Bitmap.hpp">
      <Filter>Header Files\TouchGFX\touchgfx\widgets\canvas</Filter>
    </ClInclude>
    <ClInclude Include="$(TouchGFXReleasePath)\framework\include\touchgfx\widgets\canvas\PainterRGB888.hpp">
      <Filter>Header Files\TouchGFX\touchgfx\widgets\canvas</Filter>
    </ClInclude>
    <ClInclude Include="$(TouchGFXReleasePath)\framework\include\touchgfx\widgets\canvas\PainterRGB888Bitmap.hpp">
      <Filter>Header Files\TouchGFX\touchgfx\widgets\canvas</Filter>
    </ClInclude>
    <ClInclude Include="$(TouchGFXReleasePath)\framework\include\touchgfx\widgets\canvas\Shape.hpp">
      <Filter>Header Files\TouchGFX\touchgfx\widgets\canvas</Filter>
    </ClInclude>
    <ClInclude Include="$(TouchGFXReleasePath)\framework\include\touchgfx\widgets\Image.hpp">
      <Filter>Header Files\TouchGFX\touchgfx\widgets</Filter>
    </ClInclude>
    <ClInclude Include="$(TouchGFXReleasePath)\framework\include\touchgfx\widgets\Keyboard.hpp">
      <Filter>Header Files\TouchGFX\touchgfx\widgets</Filter>
    </ClInclude>
    <ClInclude Include="$(TouchGFXReleasePath)\framework\include\touchgfx\widgets\PixelDataWidget.hpp">
      <Filter>Header Files\TouchGFX\touchgfx\widgets</Filter>
    </ClInclude>
    <ClInclude Include="$(TouchGFXReleasePath)\framework\include\touchgfx\widgets\RadioButton.hpp">
      <Filter>Header Files\TouchGFX\touchgfx\widgets</Filter>
    </ClInclude>
    <ClInclude Include="$(TouchGFXReleasePath)\framework\include\touchgfx\widgets\RadioButtonGroup.hpp">
      <Filter>Header Files\TouchGFX\touchgfx\widgets</Filter>
    </ClInclude>
    <ClInclude Include="$(TouchGFXReleasePath)\framework\include\touchgfx\widgets\RepeatButton.hpp">
      <Filter>Header Files\TouchGFX\touchgfx\widgets</Filter>
    </ClInclude>
    <ClInclude Include="$(TouchGFXReleasePath)\framework\include\touchgfx\widgets\ScalableImage.hpp">
      <Filter>Header Files\TouchGFX\touchgfx\widgets</Filter>
    </ClInclude>
    <ClInclude Include="$(TouchGFXReleasePath)\framework\include\touchgfx\widgets\SnapshotWidget.hpp">
      <Filter>Header Files\TouchGFX\touchgfx\widgets</Filter>
    </ClInclude>
    <ClInclude Include="$(TouchGFXReleasePath)\framework\include\touchgfx\widgets\TextArea.hpp">
      <Filter>Header Files\TouchGFX\touchgfx\widgets</Filter>
    </ClInclude>
    <ClInclude Include="$(TouchGFXReleasePath)\framework\include\touchgfx\widgets\TextAreaWithWildcard.hpp">
      <Filter>Header Files\TouchGFX\touchgfx\widgets</Filter>
    </ClInclude>
    <ClInclude Include="$(TouchGFXReleasePath)\framework\include\touchgfx\widgets\TextureMapper.hpp">
      <Filter>Header Files\TouchGFX\touchgfx\widgets</Filter>
    </ClInclude>
    <ClInclude Include="$(TouchGFXReleasePath)\framework\include\touchgfx\widgets\TiledImage.hpp">
      <Filter>Header Files\TouchGFX\touchgfx\widgets</Filter>
    </ClInclude>
    <ClInclude Include="$(TouchGFXReleasePath)\framework\include\touchgfx\widgets\ToggleButton.hpp">
      <Filter>Header Files\TouchGFX\touchgfx\widgets</Filter>
    </ClInclude>
    <ClInclude Include="$(TouchGFXReleasePath)\framework\include\touchgfx\widgets\TouchArea.hpp">
      <Filter>Header Files\TouchGFX\touchgfx\widgets</Filter>
    </ClInclude>
    <ClInclude Include="$(TouchGFXReleasePath)\framework\include\touchgfx\widgets\Widget.hpp">
      <Filter>Header Files\TouchGFX\touchgfx\widgets</Filter>
    </ClInclude>
    <ClInclude Include="$(ApplicationRoot)\generated\simulator\include\simulator\mainBase.hpp">
      <Filter>Header Files\generated\simulator</Filter>
    </ClInclude>
    <ClInclude Include="..\..\generated\simulator\include\simulator\video\DirectFrameBufferVideoController.hpp">
      <Filter>Header Files\generated\simulator\include\simulator\video</Filter>
    </ClInclude>
    <ClInclude Include="..\..\gui\include\gui\common\FrontendApplication.hpp">
      <Filter>Header Files\gui\common</Filter>
    </ClInclude>
    <ClInclude Include="..\..\generated\gui_generated\include\gui_generated\common\FrontendApplicationBase.hpp">
      <Filter>Header Files\generated\gui_generated\common</Filter>
    </ClInclude>
    <ClInclude Include="..\..\gui\include\gui\common\FrontendHeap.hpp">
      <Filter>Header Files\gui\common</Filter>
    </ClInclude>
    <ClInclude Include="..\..\generated\gui_generated\include\gui_generated\common\FrontendHeapBase.hpp">
      <Filter>Header Files\generated\gui_generated\common</Filter>
    </ClInclude>
    <ClInclude Include="..\..\generated\simulator\include\simulator\video\MJPEGDecoder.hpp">
      <Filter>Header Files\generated\simulator\include\simulator\video</Filter>
    </ClInclude>
    <ClInclude Include="..\..\gui\include\gui\model\Model.hpp">
      <Filter>Header Files\gui\model</Filter>
    </ClInclude>
    <ClInclude Include="..\..\gui\include\gui\model\ModelListener.hpp">
      <Filter>Header Files\gui\model</Filter>
    </ClInclude>
    <ClInclude Include="..\..\generated\gui_generated\include\gui_generated\common\SimConstants.hpp">
      <Filter>Header Files\generated\gui_generated\common</Filter>
    </ClInclude>
    <ClInclude Include="..\..\generated\simulator\include\simulator\video\SoftwareMJPEGDecoder.hpp">
      <Filter>Header Files\generated\simulator\include\simulator\video</Filter>
    </ClInclude>
    <ClInclude Include="..\..\gui\include\gui\screen_menu_screen\SCREEN_MenuPresenter.hpp">
      <Filter>Header Files\gui\screen_menu_screen</Filter>
    </ClInclude>
    <ClInclude Include="..\..\gui\include\gui\screen_menu_screen\SCREEN_MenuView.hpp">
      <Filter>Header Files\gui\screen_menu_screen</Filter>
    </ClInclude>
    <ClInclude Include="..\..\generated\gui_generated\include\gui_generated\screen_menu_screen\SCREEN_MenuViewBase.hpp">
      <Filter>Header Files\generated\gui_generated\screen_menu_screen</Filter>
    </ClInclude>
    <ClInclude Include="..\..\gui\include\gui\screen_kneexliveplot_screen\SCREEN_KneeXLivePlotView.hpp">
      <Filter>Header Files\gui\screen_kneexliveplot_screen</Filter>
    </ClInclude>
    <ClInclude Include="..\..\gui\include\gui\screen_kneex_screen\SCREEN_KneeXView.hpp">
      <Filter>Header Files\gui\screen_kneex_screen</Filter>
    </ClInclude>
    <ClInclude Include="..\..\gui\include\gui\screen_kneexmanualcontrol_screen\Screen_KneeXManualControlView.hpp">
      <Filter>Header Files\gui\screen_kneexmanualcontrol_screen</Filter>
    </ClInclude>
    <ClInclude Include="..\..\gui\include\gui\containers\joystick_1_container.hpp">
      <Filter>Header Files\gui\containers</Filter>
    </ClInclude>
    <ClInclude Include="..\..\generated\gui_generated\include\gui_generated\containers\joystick_1_containerBase.hpp">
      <Filter>Header Files\generated\gui_generated\containers</Filter>
    </ClInclude>
    <ClInclude Include="..\..\gui\include\gui\screen_settings_screen\Screen_SettingsPresenter.hpp">
      <Filter>Header Files\gui\screen_settings_screen</Filter>
    </ClInclude>
    <ClInclude Include="..\..\gui\include\gui\screen_settings_screen\Screen_SettingsView.hpp">
      <Filter>Header Files\gui\screen_settings_screen</Filter>
    </ClInclude>
    <ClInclude Include="..\..\generated\gui_generated\include\gui_generated\screen_settings_screen\Screen_SettingsViewBase.hpp">
      <Filter>Header Files\generated\gui_generated\screen_settings_screen</Filter>
    </ClInclude>
    <ClInclude Include="..\..\gui\include\gui\common\CustomKeyboard.hpp">
      <Filter>Header Files\gui\common</Filter>
    </ClInclude>
    <ClInclude Include="..\..\gui\include\gui\common\KeyboardKeyMapping.hpp">
      <Filter>Header Files\gui\common</Filter>
    </ClInclude>
    <ClInclude Include="..\..\gui\include\gui\common\KeyboardLayout.hpp">
      <Filter>Header Files\gui\common</Filter>
    </ClInclude>
    <ClInclude Include="..\..\gui\include\gui\screen_research_screen\Screen_ResearchPresenter.hpp">
      <Filter>Header Files\gui\screen_research_screen</Filter>
    </ClInclude>
    <ClInclude Include="..\..\gui\include\gui\screen_research_screen\Screen_ResearchView.hpp">
      <Filter>Header Files\gui\screen_research_screen</Filter>
    </ClInclude>
    <ClInclude Include="..\..\generated\gui_generated\include\gui_generated\screen_research_screen\Screen_ResearchViewBase.hpp">
      <Filter>Header Files\generated\gui_generated\screen_research_screen</Filter>
    </ClInclude>
    <ClInclude Include="..\..\gui\include\gui\screen_wewalkliveplot_screen\SCREEN_WeWalkLivePlotPresenter.hpp">
      <Filter>Header Files\gui\screen_wewalkliveplot_screen</Filter>
    </ClInclude>
    <ClInclude Include="..\..\gui\include\gui\screen_wewalkliveplot_screen\SCREEN_WeWalkLivePlotView.hpp">
      <Filter>Header Files\gui\screen_wewalkliveplot_screen</Filter>
    </ClInclude>
    <ClInclude Include="..\..\generated\gui_generated\include\gui_generated\screen_wewalkliveplot_screen\SCREEN_WeWalkLivePlotViewBase.hpp">
      <Filter>Header Files\generated\gui_generated\screen_wewalkliveplot_screen</Filter>
    </ClInclude>
    <ClInclude Include="..\..\gui\include\gui\screen_wewalkmanualcontrol_screen\Screen_WeWalkManualControlPresenter.hpp">
      <Filter>Header Files\gui\screen_wewalkmanualcontrol_screen</Filter>
    </ClInclude>
    <ClInclude Include="..\..\gui\include\gui\screen_wewalkmanualcontrol_screen\Screen_WeWalkManualControlView.hpp">
      <Filter>Header Files\gui\screen_wewalkmanualcontrol_screen</Filter>
    </ClInclude>
    <ClInclude Include="..\..\generated\gui_generated\include\gui_generated\screen_wewalkmanualcontrol_screen\Screen_WeWalkManualControlViewBase.hpp">
      <Filter>Header Files\generated\gui_generated\screen_wewalkmanualcontrol_screen</Filter>
    </ClInclude>
    <ClInclude Include="..\..\gui\include\gui\screen_wewalk_screen\SCREEN_WeWalkPresenter.hpp">
      <Filter>Header Files\gui\screen_wewalk_screen</Filter>
    </ClInclude>
    <ClInclude Include="..\..\gui\include\gui\screen_wewalk_screen\SCREEN_WeWalkView.hpp">
      <Filter>Header Files\gui\screen_wewalk_screen</Filter>
    </ClInclude>
    <ClInclude Include="..\..\generated\gui_generated\include\gui_generated\screen_wewalk_screen\SCREEN_WeWalkViewBase.hpp">
      <Filter>Header Files\generated\gui_generated\screen_wewalk_screen</Filter>
    </ClInclude>
    <ClInclude Include="..\..\gui\include\gui\screen_wewalkliveplot_accelerometer_screen\SCREEN_WeWalkLivePlot_AccelerometerPresenter.hpp">
      <Filter>Header Files\gui\screen_wewalkliveplot_accelerometer_screen</Filter>
    </ClInclude>
    <ClInclude Include="..\..\gui\include\gui\screen_wewalkliveplot_accelerometer_screen\SCREEN_WeWalkLivePlot_AccelerometerView.hpp">
      <Filter>Header Files\gui\screen_wewalkliveplot_accelerometer_screen</Filter>
    </ClInclude>
    <ClInclude Include="..\..\generated\gui_generated\include\gui_generated\screen_wewalkliveplot_accelerometer_screen\SCREEN_WeWalkLivePlot_AccelerometerViewBase.hpp">
      <Filter>Header Files\generated\gui_generated\screen_wewalkliveplot_accelerometer_screen</Filter>
    </ClInclude>
    <ClInclude Include="..\..\gui\include\gui\screen_wewalkliveplot_angle_screen\SCREEN_WeWalkLivePlot_AnglePresenter.hpp">
      <Filter>Header Files\gui\screen_wewalkliveplot_angle_screen</Filter>
    </ClInclude>
    <ClInclude Include="..\..\gui\include\gui\screen_wewalkliveplot_angle_screen\SCREEN_WeWalkLivePlot_AngleView.hpp">
      <Filter>Header Files\gui\screen_wewalkliveplot_angle_screen</Filter>
    </ClInclude>
    <ClInclude Include="..\..\generated\gui_generated\include\gui_generated\screen_wewalkliveplot_angle_screen\SCREEN_WeWalkLivePlot_AngleViewBase.hpp">
      <Filter>Header Files\generated\gui_generated\screen_wewalkliveplot_angle_screen</Filter>
    </ClInclude>
    <ClInclude Include="..\..\gui\include\gui\screen_wewalkliveplot_gyroscope_screen\SCREEN_WeWalkLivePlot_GyroscopePresenter.hpp">
      <Filter>Header Files\gui\screen_wewalkliveplot_gyroscope_screen</Filter>
    </ClInclude>
    <ClInclude Include="..\..\gui\include\gui\screen_wewalkliveplot_gyroscope_screen\SCREEN_WeWalkLivePlot_GyroscopeView.hpp">
      <Filter>Header Files\gui\screen_wewalkliveplot_gyroscope_screen</Filter>
    </ClInclude>
    <ClInclude Include="..\..\generated\gui_generated\include\gui_generated\screen_wewalkliveplot_gyroscope_screen\SCREEN_WeWalkLivePlot_GyroscopeViewBase.hpp">
      <Filter>Header Files\generated\gui_generated\screen_wewalkliveplot_gyroscope_screen</Filter>
    </ClInclude>
    <ClInclude Include="..\..\gui\include\gui\screen_wewalkliveplot_motor_screen\SCREEN_WeWalkLivePlot_MotorPresenter.hpp">
      <Filter>Header Files\gui\screen_wewalkliveplot_motor_screen</Filter>
    </ClInclude>
    <ClInclude Include="..\..\gui\include\gui\screen_wewalkliveplot_motor_screen\SCREEN_WeWalkLivePlot_MotorView.hpp">
      <Filter>Header Files\gui\screen_wewalkliveplot_motor_screen</Filter>
    </ClInclude>
    <ClInclude Include="..\..\generated\gui_generated\include\gui_generated\screen_wewalkliveplot_motor_screen\SCREEN_WeWalkLivePlot_MotorViewBase.hpp">
      <Filter>Header Files\generated\gui_generated\screen_wewalkliveplot_motor_screen</Filter>
    </ClInclude>
    <ClInclude Include="..\..\gui\include\gui\screen_wewalkliveplot_forcesensor_screen\SCREEN_WeWalkLivePlot_ForceSensorPresenter.hpp">
      <Filter>Header Files\gui\screen_wewalkliveplot_forcesensor_screen</Filter>
    </ClInclude>
    <ClInclude Include="..\..\gui\include\gui\screen_wewalkliveplot_forcesensor_screen\SCREEN_WeWalkLivePlot_ForceSensorView.hpp">
      <Filter>Header Files\gui\screen_wewalkliveplot_forcesensor_screen</Filter>
    </ClInclude>
    <ClInclude Include="..\..\generated\gui_generated\include\gui_generated\screen_wewalkliveplot_forcesensor_screen\SCREEN_WeWalkLivePlot_ForceSensorViewBase.hpp">
      <Filter>Header Files\generated\gui_generated\screen_wewalkliveplot_forcesensor_screen</Filter>
    </ClInclude>
  </ItemGroup>
  <ItemGroup>
    <ResourceCompile Include="$(ApplicationRoot)\generated\simulator\touchgfx.rc">
      <Filter>Resource Files</Filter>
    </ResourceCompile>
  </ItemGroup>
</Project>
